// !$*UTF8*$!
{
	archiveVersion = 1;
	classes = {
	};
	objectVersion = 46;
	objects = {

/* Begin PBXBuildFile section */
		D28C5E551B33E46A0077E173 /* main.m in Sources */ = {isa = PBXBuildFile; fileRef = D28C5E541B33E46A0077E173 /* main.m */; };
		D28C5E581B33E46A0077E173 /* AppDelegate.m in Sources */ = {isa = PBXBuildFile; fileRef = D28C5E571B33E46A0077E173 /* AppDelegate.m */; };
		D28C5E5E1B33E46A0077E173 /* Main.storyboard in Resources */ = {isa = PBXBuildFile; fileRef = D28C5E5C1B33E46A0077E173 /* Main.storyboard */; };
		D28C5E601B33E46A0077E173 /* Images.xcassets in Resources */ = {isa = PBXBuildFile; fileRef = D28C5E5F1B33E46A0077E173 /* Images.xcassets */; };
		D28C5E631B33E46A0077E173 /* LaunchScreen.xib in Resources */ = {isa = PBXBuildFile; fileRef = D28C5E611B33E46A0077E173 /* LaunchScreen.xib */; };
		D28C5E6F1B33E46A0077E173 /* ToDoListTests.m in Sources */ = {isa = PBXBuildFile; fileRef = D28C5E6E1B33E46A0077E173 /* ToDoListTests.m */; };
		D28C5E801B33F5C30077E173 /* AddToDoItemViewController.m in Sources */ = {isa = PBXBuildFile; fileRef = D28C5E7F1B33F5C30077E173 /* AddToDoItemViewController.m */; };
		D28C5E831B33F6230077E173 /* ToDoListTableViewController.m in Sources */ = {isa = PBXBuildFile; fileRef = D28C5E821B33F6230077E173 /* ToDoListTableViewController.m */; };
		D2D6EC281B37ADDF00339902 /* TodoItem.m in Sources */ = {isa = PBXBuildFile; fileRef = D2D6EC271B37ADDF00339902 /* TodoItem.m */; };
/* End PBXBuildFile section */

/* Begin PBXContainerItemProxy section */
		D28C5E691B33E46A0077E173 /* PBXContainerItemProxy */ = {
			isa = PBXContainerItemProxy;
			containerPortal = D28C5E471B33E46A0077E173 /* Project object */;
			proxyType = 1;
			remoteGlobalIDString = D28C5E4E1B33E46A0077E173;
			remoteInfo = ToDoList;
		};
/* End PBXContainerItemProxy section */

/* Begin PBXFileReference section */
		D28C5E4F1B33E46A0077E173 /* ToDoList.app */ = {isa = PBXFileReference; explicitFileType = wrapper.application; includeInIndex = 0; path = ToDoList.app; sourceTree = BUILT_PRODUCTS_DIR; };
		D28C5E531B33E46A0077E173 /* Info.plist */ = {isa = PBXFileReference; lastKnownFileType = text.plist.xml; path = Info.plist; sourceTree = "<group>"; };
		D28C5E541B33E46A0077E173 /* main.m */ = {isa = PBXFileReference; lastKnownFileType = sourcecode.c.objc; path = main.m; sourceTree = "<group>"; };
		D28C5E561B33E46A0077E173 /* AppDelegate.h */ = {isa = PBXFileReference; lastKnownFileType = sourcecode.c.h; path = AppDelegate.h; sourceTree = "<group>"; };
		D28C5E571B33E46A0077E173 /* AppDelegate.m */ = {isa = PBXFileReference; lastKnownFileType = sourcecode.c.objc; path = AppDelegate.m; sourceTree = "<group>"; };
		D28C5E5D1B33E46A0077E173 /* Base */ = {isa = PBXFileReference; lastKnownFileType = file.storyboard; name = Base; path = Base.lproj/Main.storyboard; sourceTree = "<group>"; };
		D28C5E5F1B33E46A0077E173 /* Images.xcassets */ = {isa = PBXFileReference; lastKnownFileType = folder.assetcatalog; path = Images.xcassets; sourceTree = "<group>"; };
		D28C5E621B33E46A0077E173 /* Base */ = {isa = PBXFileReference; lastKnownFileType = file.xib; name = Base; path = Base.lproj/LaunchScreen.xib; sourceTree = "<group>"; };
		D28C5E681B33E46A0077E173 /* ToDoListTests.xctest */ = {isa = PBXFileReference; explicitFileType = wrapper.cfbundle; includeInIndex = 0; path = ToDoListTests.xctest; sourceTree = BUILT_PRODUCTS_DIR; };
		D28C5E6D1B33E46A0077E173 /* Info.plist */ = {isa = PBXFileReference; lastKnownFileType = text.plist.xml; path = Info.plist; sourceTree = "<group>"; };
		D28C5E6E1B33E46A0077E173 /* ToDoListTests.m */ = {isa = PBXFileReference; lastKnownFileType = sourcecode.c.objc; path = ToDoListTests.m; sourceTree = "<group>"; };
		D28C5E7E1B33F5C30077E173 /* AddToDoItemViewController.h */ = {isa = PBXFileReference; fileEncoding = 4; lastKnownFileType = sourcecode.c.h; name = AddToDoItemViewController.h; path = ToDoList/AddToDoItemViewController.h; sourceTree = "<group>"; };
		D28C5E7F1B33F5C30077E173 /* AddToDoItemViewController.m */ = {isa = PBXFileReference; fileEncoding = 4; lastKnownFileType = sourcecode.c.objc; name = AddToDoItemViewController.m; path = ToDoList/AddToDoItemViewController.m; sourceTree = "<group>"; };
		D28C5E811B33F6230077E173 /* ToDoListTableViewController.h */ = {isa = PBXFileReference; fileEncoding = 4; lastKnownFileType = sourcecode.c.h; name = ToDoListTableViewController.h; path = ToDoList/ToDoListTableViewController.h; sourceTree = "<group>"; };
		D28C5E821B33F6230077E173 /* ToDoListTableViewController.m */ = {isa = PBXFileReference; fileEncoding = 4; lastKnownFileType = sourcecode.c.objc; name = ToDoListTableViewController.m; path = ToDoList/ToDoListTableViewController.m; sourceTree = "<group>"; };
		D2D6EC261B37ADDF00339902 /* TodoItem.h */ = {isa = PBXFileReference; fileEncoding = 4; lastKnownFileType = sourcecode.c.h; name = TodoItem.h; path = ToDoList/TodoItem.h; sourceTree = "<group>"; };
		D2D6EC271B37ADDF00339902 /* TodoItem.m */ = {isa = PBXFileReference; fileEncoding = 4; lastKnownFileType = sourcecode.c.objc; name = TodoItem.m; path = ToDoList/TodoItem.m; sourceTree = "<group>"; };
/* End PBXFileReference section */

/* Begin PBXFrameworksBuildPhase section */
		D28C5E4C1B33E46A0077E173 /* Frameworks */ = {
			isa = PBXFrameworksBuildPhase;
			buildActionMask = 2147483647;
			files = (
			);
			runOnlyForDeploymentPostprocessing = 0;
		};
		D28C5E651B33E46A0077E173 /* Frameworks */ = {
			isa = PBXFrameworksBuildPhase;
			buildActionMask = 2147483647;
			files = (
			);
			runOnlyForDeploymentPostprocessing = 0;
		};
/* End PBXFrameworksBuildPhase section */

/* Begin PBXGroup section */
		D28C5E461B33E46A0077E173 = {
			isa = PBXGroup;
			children = (
				D2D6EC261B37ADDF00339902 /* TodoItem.h */,
				D2D6EC271B37ADDF00339902 /* TodoItem.m */,
				D28C5E7E1B33F5C30077E173 /* AddToDoItemViewController.h */,
				D28C5E7F1B33F5C30077E173 /* AddToDoItemViewController.m */,
				D28C5E811B33F6230077E173 /* ToDoListTableViewController.h */,
				D28C5E821B33F6230077E173 /* ToDoListTableViewController.m */,
				D28C5E511B33E46A0077E173 /* ToDoList */,
				D28C5E6B1B33E46A0077E173 /* ToDoListTests */,
				D28C5E501B33E46A0077E173 /* Products */,
			);
			sourceTree = "<group>";
		};
		D28C5E501B33E46A0077E173 /* Products */ = {
			isa = PBXGroup;
			children = (
				D28C5E4F1B33E46A0077E173 /* ToDoList.app */,
				D28C5E681B33E46A0077E173 /* ToDoListTests.xctest */,
			);
			name = Products;
			sourceTree = "<group>";
		};
		D28C5E511B33E46A0077E173 /* ToDoList */ = {
			isa = PBXGroup;
			children = (
				D28C5E561B33E46A0077E173 /* AppDelegate.h */,
				D28C5E571B33E46A0077E173 /* AppDelegate.m */,
				D28C5E5C1B33E46A0077E173 /* Main.storyboard */,
				D28C5E5F1B33E46A0077E173 /* Images.xcassets */,
				D28C5E611B33E46A0077E173 /* LaunchScreen.xib */,
				D28C5E521B33E46A0077E173 /* Supporting Files */,
			);
			path = ToDoList;
			sourceTree = "<group>";
		};
		D28C5E521B33E46A0077E173 /* Supporting Files */ = {
			isa = PBXGroup;
			children = (
				D28C5E531B33E46A0077E173 /* Info.plist */,
				D28C5E541B33E46A0077E173 /* main.m */,
			);
			name = "Supporting Files";
			sourceTree = "<group>";
		};
		D28C5E6B1B33E46A0077E173 /* ToDoListTests */ = {
			isa = PBXGroup;
			children = (
				D28C5E6E1B33E46A0077E173 /* ToDoListTests.m */,
				D28C5E6C1B33E46A0077E173 /* Supporting Files */,
			);
			path = ToDoListTests;
			sourceTree = "<group>";
		};
		D28C5E6C1B33E46A0077E173 /* Supporting Files */ = {
			isa = PBXGroup;
			children = (
				D28C5E6D1B33E46A0077E173 /* Info.plist */,
			);
			name = "Supporting Files";
			sourceTree = "<group>";
		};
/* End PBXGroup section */

/* Begin PBXNativeTarget section */
		D28C5E4E1B33E46A0077E173 /* ToDoList */ = {
			isa = PBXNativeTarget;
			buildConfigurationList = D28C5E721B33E46A0077E173 /* Build configuration list for PBXNativeTarget "ToDoList" */;
			buildPhases = (
				D28C5E4B1B33E46A0077E173 /* Sources */,
				D28C5E4C1B33E46A0077E173 /* Frameworks */,
				D28C5E4D1B33E46A0077E173 /* Resources */,
			);
			buildRules = (
			);
			dependencies = (
			);
			name = ToDoList;
			productName = ToDoList;
			productReference = D28C5E4F1B33E46A0077E173 /* ToDoList.app */;
			productType = "com.apple.product-type.application";
		};
		D28C5E671B33E46A0077E173 /* ToDoListTests */ = {
			isa = PBXNativeTarget;
			buildConfigurationList = D28C5E751B33E46A0077E173 /* Build configuration list for PBXNativeTarget "ToDoListTests" */;
			buildPhases = (
				D28C5E641B33E46A0077E173 /* Sources */,
				D28C5E651B33E46A0077E173 /* Frameworks */,
				D28C5E661B33E46A0077E173 /* Resources */,
			);
			buildRules = (
			);
			dependencies = (
				D28C5E6A1B33E46A0077E173 /* PBXTargetDependency */,
			);
			name = ToDoListTests;
			productName = ToDoListTests;
			productReference = D28C5E681B33E46A0077E173 /* ToDoListTests.xctest */;
			productType = "com.apple.product-type.bundle.unit-test";
		};
/* End PBXNativeTarget section */

/* Begin PBXProject section */
		D28C5E471B33E46A0077E173 /* Project object */ = {
			isa = PBXProject;
			attributes = {
				LastUpgradeCheck = 0630;
				ORGANIZATIONNAME = "Jean-Michel Lemieux";
				TargetAttributes = {
					D28C5E4E1B33E46A0077E173 = {
						CreatedOnToolsVersion = 6.3.2;
					};
					D28C5E671B33E46A0077E173 = {
						CreatedOnToolsVersion = 6.3.2;
						TestTargetID = D28C5E4E1B33E46A0077E173;
					};
				};
			};
			buildConfigurationList = D28C5E4A1B33E46A0077E173 /* Build configuration list for PBXProject "ToDoList" */;
			compatibilityVersion = "Xcode 3.2";
			developmentRegion = English;
			hasScannedForEncodings = 0;
			knownRegions = (
				en,
				Base,
			);
			mainGroup = D28C5E461B33E46A0077E173;
			productRefGroup = D28C5E501B33E46A0077E173 /* Products */;
			projectDirPath = "";
			projectRoot = "";
			targets = (
				D28C5E4E1B33E46A0077E173 /* ToDoList */,
				D28C5E671B33E46A0077E173 /* ToDoListTests */,
			);
		};
/* End PBXProject section */

/* Begin PBXResourcesBuildPhase section */
		D28C5E4D1B33E46A0077E173 /* Resources */ = {
			isa = PBXResourcesBuildPhase;
			buildActionMask = 2147483647;
			files = (
				D28C5E5E1B33E46A0077E173 /* Main.storyboard in Resources */,
				D28C5E631B33E46A0077E173 /* LaunchScreen.xib in Resources */,
				D28C5E601B33E46A0077E173 /* Images.xcassets in Resources */,
			);
			runOnlyForDeploymentPostprocessing = 0;
		};
		D28C5E661B33E46A0077E173 /* Resources */ = {
			isa = PBXResourcesBuildPhase;
			buildActionMask = 2147483647;
			files = (
			);
			runOnlyForDeploymentPostprocessing = 0;
		};
/* End PBXResourcesBuildPhase section */

/* Begin PBXSourcesBuildPhase section */
		D28C5E4B1B33E46A0077E173 /* Sources */ = {
			isa = PBXSourcesBuildPhase;
			buildActionMask = 2147483647;
			files = (
				D28C5E581B33E46A0077E173 /* AppDelegate.m in Sources */,
				D28C5E831B33F6230077E173 /* ToDoListTableViewController.m in Sources */,
				D28C5E551B33E46A0077E173 /* main.m in Sources */,
				D28C5E801B33F5C30077E173 /* AddToDoItemViewController.m in Sources */,
				D2D6EC281B37ADDF00339902 /* TodoItem.m in Sources */,
			);
			runOnlyForDeploymentPostprocessing = 0;
		};
		D28C5E641B33E46A0077E173 /* Sources */ = {
			isa = PBXSourcesBuildPhase;
			buildActionMask = 2147483647;
			files = (
				D28C5E6F1B33E46A0077E173 /* ToDoListTests.m in Sources */,
			);
			runOnlyForDeploymentPostprocessing = 0;
		};
/* End PBXSourcesBuildPhase section */

/* Begin PBXTargetDependency section */
		D28C5E6A1B33E46A0077E173 /* PBXTargetDependency */ = {
			isa = PBXTargetDependency;
			target = D28C5E4E1B33E46A0077E173 /* ToDoList */;
			targetProxy = D28C5E691B33E46A0077E173 /* PBXContainerItemProxy */;
		};
/* End PBXTargetDependency section */

/* Begin PBXVariantGroup section */
		D28C5E5C1B33E46A0077E173 /* Main.storyboard */ = {
			isa = PBXVariantGroup;
			children = (
				D28C5E5D1B33E46A0077E173 /* Base */,
			);
			name = Main.storyboard;
			sourceTree = "<group>";
		};
		D28C5E611B33E46A0077E173 /* LaunchScreen.xib */ = {
			isa = PBXVariantGroup;
			children = (
				D28C5E621B33E46A0077E173 /* Base */,
			);
			name = LaunchScreen.xib;
			sourceTree = "<group>";
		};
/* End PBXVariantGroup section */

/* Begin XCBuildConfiguration section */
		D28C5E701B33E46A0077E173 /* Debug */ = {
			isa = XCBuildConfiguration;
			buildSettings = {
				ALWAYS_SEARCH_USER_PATHS = NO;
				CLANG_CXX_LANGUAGE_STANDARD = "gnu++0x";
				CLANG_CXX_LIBRARY = "libc++";
				CLANG_ENABLE_MODULES = YES;
				CLANG_ENABLE_OBJC_ARC = YES;
				CLANG_WARN_BOOL_CONVERSION = YES;
				CLANG_WARN_CONSTANT_CONVERSION = YES;
				CLANG_WARN_DIRECT_OBJC_ISA_USAGE = YES_ERROR;
				CLANG_WARN_EMPTY_BODY = YES;
				CLANG_WARN_ENUM_CONVERSION = YES;
				CLANG_WARN_INT_CONVERSION = YES;
				CLANG_WARN_OBJC_ROOT_CLASS = YES_ERROR;
				CLANG_WARN_UNREACHABLE_CODE = YES;
				CLANG_WARN__DUPLICATE_METHOD_MATCH = YES;
				"CODE_SIGN_IDENTITY[sdk=iphoneos*]" = "iPhone Developer";
				COPY_PHASE_STRIP = NO;
				DEBUG_INFORMATION_FORMAT = "dwarf-with-dsym";
				ENABLE_STRICT_OBJC_MSGSEND = YES;
				GCC_C_LANGUAGE_STANDARD = gnu99;
				GCC_DYNAMIC_NO_PIC = NO;
				GCC_NO_COMMON_BLOCKS = YES;
				GCC_OPTIMIZATION_LEVEL = 0;
				GCC_PREPROCESSOR_DEFINITIONS = (
					"DEBUG=1",
					"$(inherited)",
				);
				GCC_SYMBOLS_PRIVATE_EXTERN = NO;
				GCC_WARN_64_TO_32_BIT_CONVERSION = YES;
				GCC_WARN_ABOUT_RETURN_TYPE = YES_ERROR;
				GCC_WARN_UNDECLARED_SELECTOR = YES;
				GCC_WARN_UNINITIALIZED_AUTOS = YES_AGGRESSIVE;
				GCC_WARN_UNUSED_FUNCTION = YES;
				GCC_WARN_UNUSED_VARIABLE = YES;
				IPHONEOS_DEPLOYMENT_TARGET = 8.3;
				MTL_ENABLE_DEBUG_INFO = YES;
				ONLY_ACTIVE_ARCH = YES;
				SDKROOT = iphoneos;
				TARGETED_DEVICE_FAMILY = "1,2";
			};
			name = Debug;
		};
		D28C5E711B33E46A0077E173 /* Release */ = {
			isa = XCBuildConfiguration;
			buildSettings = {
				ALWAYS_SEARCH_USER_PATHS = NO;
				CLANG_CXX_LANGUAGE_STANDARD = "gnu++0x";
				CLANG_CXX_LIBRARY = "libc++";
				CLANG_ENABLE_MODULES = YES;
				CLANG_ENABLE_OBJC_ARC = YES;
				CLANG_WARN_BOOL_CONVERSION = YES;
				CLANG_WARN_CONSTANT_CONVERSION = YES;
				CLANG_WARN_DIRECT_OBJC_ISA_USAGE = YES_ERROR;
				CLANG_WARN_EMPTY_BODY = YES;
				CLANG_WARN_ENUM_CONVERSION = YES;
				CLANG_WARN_INT_CONVERSION = YES;
				CLANG_WARN_OBJC_ROOT_CLASS = YES_ERROR;
				CLANG_WARN_UNREACHABLE_CODE = YES;
				CLANG_WARN__DUPLICATE_METHOD_MATCH = YES;
				"CODE_SIGN_IDENTITY[sdk=iphoneos*]" = "iPhone Developer";
				COPY_PHASE_STRIP = NO;
				DEBUG_INFORMATION_FORMAT = "dwarf-with-dsym";
				ENABLE_NS_ASSERTIONS = NO;
				ENABLE_STRICT_OBJC_MSGSEND = YES;
				GCC_C_LANGUAGE_STANDARD = gnu99;
				GCC_NO_COMMON_BLOCKS = YES;
				GCC_WARN_64_TO_32_BIT_CONVERSION = YES;
				GCC_WARN_ABOUT_RETURN_TYPE = YES_ERROR;
				GCC_WARN_UNDECLARED_SELECTOR = YES;
				GCC_WARN_UNINITIALIZED_AUTOS = YES_AGGRESSIVE;
				GCC_WARN_UNUSED_FUNCTION = YES;
				GCC_WARN_UNUSED_VARIABLE = YES;
				IPHONEOS_DEPLOYMENT_TARGET = 8.3;
				MTL_ENABLE_DEBUG_INFO = NO;
				SDKROOT = iphoneos;
				TARGETED_DEVICE_FAMILY = "1,2";
				VALIDATE_PRODUCT = YES;
			};
			name = Release;
		};
		D28C5E731B33E46A0077E173 /* Debug */ = {
			isa = XCBuildConfiguration;
			buildSettings = {
				ASSETCATALOG_COMPILER_APPICON_NAME = AppIcon;
				INFOPLIST_FILE = ToDoList/Info.plist;
				LD_RUNPATH_SEARCH_PATHS = "$(inherited) @executable_path/Frameworks";
				PRODUCT_NAME = "$(TARGET_NAME)";
			};
			name = Debug;
		};
		D28C5E741B33E46A0077E173 /* Release */ = {
			isa = XCBuildConfiguration;
			buildSettings = {
				ASSETCATALOG_COMPILER_APPICON_NAME = AppIcon;
				INFOPLIST_FILE = ToDoList/Info.plist;
				LD_RUNPATH_SEARCH_PATHS = "$(inherited) @executable_path/Frameworks";
				PRODUCT_NAME = "$(TARGET_NAME)";
			};
			name = Release;
		};
		D28C5E761B33E46A0077E173 /* Debug */ = {
			isa = XCBuildConfiguration;
			buildSettings = {
				BUNDLE_LOADER = "$(TEST_HOST)";
				FRAMEWORK_SEARCH_PATHS = (
					"$(SDKROOT)/Developer/Library/Frameworks",
					"$(inherited)",
				);
				GCC_PREPROCESSOR_DEFINITIONS = (
					"DEBUG=1",
					"$(inherited)",
				);
				INFOPLIST_FILE = ToDoListTests/Info.plist;
				LD_RUNPATH_SEARCH_PATHS = "$(inherited) @executable_path/Frameworks @loader_path/Frameworks";
				PRODUCT_NAME = "$(TARGET_NAME)";
				TEST_HOST = "$(BUILT_PRODUCTS_DIR)/ToDoList.app/ToDoList";
			};
			name = Debug;
		};
		D28C5E771B33E46A0077E173 /* Release */ = {
			isa = XCBuildConfiguration;
			buildSettings = {
				BUNDLE_LOADER = "$(TEST_HOST)";
				FRAMEWORK_SEARCH_PATHS = (
					"$(SDKROOT)/Developer/Library/Frameworks",
					"$(inherited)",
				);
				INFOPLIST_FILE = ToDoListTests/Info.plist;
				LD_RUNPATH_SEARCH_PATHS = "$(inherited) @executable_path/Frameworks @loader_path/Frameworks";
				PRODUCT_NAME = "$(TARGET_NAME)";
				TEST_HOST = "$(BUILT_PRODUCTS_DIR)/ToDoList.app/ToDoList";
			};
			name = Release;
		};
/* End XCBuildConfiguration section */

/* Begin XCConfigurationList section */
		D28C5E4A1B33E46A0077E173 /* Build configuration list for PBXProject "ToDoList" */ = {
			isa = XCConfigurationList;
			buildConfigurations = (
				D28C5E701B33E46A0077E173 /* Debug */,
				D28C5E711B33E46A0077E173 /* Release */,
			);
			defaultConfigurationIsVisible = 0;
			defaultConfigurationName = Release;
		};
		D28C5E721B33E46A0077E173 /* Build configuration list for PBXNativeTarget "ToDoList" */ = {
			isa = XCConfigurationList;
			buildConfigurations = (
				D28C5E731B33E46A0077E173 /* Debug */,
				D28C5E741B33E46A0077E173 /* Release */,
			);
			defaultConfigurationIsVisible = 0;
			defaultConfigurationName = Release;
		};
		D28C5E751B33E46A0077E173 /* Build configuration list for PBXNativeTarget "ToDoListTests" */ = {
			isa = XCConfigurationList;
			buildConfigurations = (
				D28C5E761B33E46A0077E173 /* Debug */,
				D28C5E771B33E46A0077E173 /* Release */,
			);
			defaultConfigurationIsVisible = 0;
			defaultConfigurationName = Release;
		};
/* End XCConfigurationList section */
	};
	rootObject = D28C5E471B33E46A0077E173 /* Project object */;
}
